// !$*UTF8*$!
{
	archiveVersion = 1;
	classes = {
	};
	objectVersion = 55;
	objects = {

/* Begin PBXBuildFile section */
		37714EC027C70F0D00DF64DB /* ContentView.swift in Sources */ = {isa = PBXBuildFile; fileRef = 37714EBF27C70F0D00DF64DB /* ContentView.swift */; };
		37A379C627C3764000D2FADC /* SwiftUIView.swift in Sources */ = {isa = PBXBuildFile; fileRef = 37A379C527C3764000D2FADC /* SwiftUIView.swift */; };
		37D98B5927EE1E00000D3F17 /* KeyboardMonitor.swift in Sources */ = {isa = PBXBuildFile; fileRef = 37D98B5827EE1E00000D3F17 /* KeyboardMonitor.swift */; };
		37EACD2527BFD3B00016B3B3 /* appTest1App.swift in Sources */ = {isa = PBXBuildFile; fileRef = 37EACD2427BFD3B00016B3B3 /* appTest1App.swift */; };
		37EACD2927BFD3B10016B3B3 /* Assets.xcassets in Resources */ = {isa = PBXBuildFile; fileRef = 37EACD2827BFD3B10016B3B3 /* Assets.xcassets */; };
		37EACD2C27BFD3B10016B3B3 /* Preview Assets.xcassets in Resources */ = {isa = PBXBuildFile; fileRef = 37EACD2B27BFD3B10016B3B3 /* Preview Assets.xcassets */; };
		37EACD3627BFD3B10016B3B3 /* appTest1Tests.swift in Sources */ = {isa = PBXBuildFile; fileRef = 37EACD3527BFD3B10016B3B3 /* appTest1Tests.swift */; };
		37EACD4027BFD3B10016B3B3 /* appTest1UITests.swift in Sources */ = {isa = PBXBuildFile; fileRef = 37EACD3F27BFD3B10016B3B3 /* appTest1UITests.swift */; };
		37EACD4227BFD3B10016B3B3 /* appTest1UITestsLaunchTests.swift in Sources */ = {isa = PBXBuildFile; fileRef = 37EACD4127BFD3B10016B3B3 /* appTest1UITestsLaunchTests.swift */; };
		37EACD5127BFDDCC0016B3B3 /* html in Resources */ = {isa = PBXBuildFile; fileRef = 37EACD5027BFDDCC0016B3B3 /* html */; };
/* End PBXBuildFile section */

/* Begin PBXContainerItemProxy section */
		37EACD3227BFD3B10016B3B3 /* PBXContainerItemProxy */ = {
			isa = PBXContainerItemProxy;
			containerPortal = 37EACD1927BFD3B00016B3B3 /* Project object */;
			proxyType = 1;
			remoteGlobalIDString = 37EACD2027BFD3B00016B3B3;
			remoteInfo = appTest1;
		};
		37EACD3C27BFD3B10016B3B3 /* PBXContainerItemProxy */ = {
			isa = PBXContainerItemProxy;
			containerPortal = 37EACD1927BFD3B00016B3B3 /* Project object */;
			proxyType = 1;
			remoteGlobalIDString = 37EACD2027BFD3B00016B3B3;
			remoteInfo = appTest1;
		};
/* End PBXContainerItemProxy section */

/* Begin PBXFileReference section */
		37714EBF27C70F0D00DF64DB /* ContentView.swift */ = {isa = PBXFileReference; lastKnownFileType = sourcecode.swift; path = ContentView.swift; sourceTree = "<group>"; };
		37A379C527C3764000D2FADC /* SwiftUIView.swift */ = {isa = PBXFileReference; lastKnownFileType = sourcecode.swift; path = SwiftUIView.swift; sourceTree = "<group>"; };
		37D98B5827EE1E00000D3F17 /* KeyboardMonitor.swift */ = {isa = PBXFileReference; lastKnownFileType = sourcecode.swift; path = KeyboardMonitor.swift; sourceTree = "<group>"; };
		37EACD2127BFD3B00016B3B3 /* appTest1.app */ = {isa = PBXFileReference; explicitFileType = wrapper.application; includeInIndex = 0; path = appTest1.app; sourceTree = BUILT_PRODUCTS_DIR; };
		37EACD2427BFD3B00016B3B3 /* appTest1App.swift */ = {isa = PBXFileReference; lastKnownFileType = sourcecode.swift; path = appTest1App.swift; sourceTree = "<group>"; };
		37EACD2827BFD3B10016B3B3 /* Assets.xcassets */ = {isa = PBXFileReference; lastKnownFileType = folder.assetcatalog; path = Assets.xcassets; sourceTree = "<group>"; };
		37EACD2B27BFD3B10016B3B3 /* Preview Assets.xcassets */ = {isa = PBXFileReference; lastKnownFileType = folder.assetcatalog; path = "Preview Assets.xcassets"; sourceTree = "<group>"; };
		37EACD3127BFD3B10016B3B3 /* appTest1Tests.xctest */ = {isa = PBXFileReference; explicitFileType = wrapper.cfbundle; includeInIndex = 0; path = appTest1Tests.xctest; sourceTree = BUILT_PRODUCTS_DIR; };
		37EACD3527BFD3B10016B3B3 /* appTest1Tests.swift */ = {isa = PBXFileReference; lastKnownFileType = sourcecode.swift; path = appTest1Tests.swift; sourceTree = "<group>"; };
		37EACD3B27BFD3B10016B3B3 /* appTest1UITests.xctest */ = {isa = PBXFileReference; explicitFileType = wrapper.cfbundle; includeInIndex = 0; path = appTest1UITests.xctest; sourceTree = BUILT_PRODUCTS_DIR; };
		37EACD3F27BFD3B10016B3B3 /* appTest1UITests.swift */ = {isa = PBXFileReference; lastKnownFileType = sourcecode.swift; path = appTest1UITests.swift; sourceTree = "<group>"; };
		37EACD4127BFD3B10016B3B3 /* appTest1UITestsLaunchTests.swift */ = {isa = PBXFileReference; lastKnownFileType = sourcecode.swift; path = appTest1UITestsLaunchTests.swift; sourceTree = "<group>"; };
		37EACD5027BFDDCC0016B3B3 /* html */ = {isa = PBXFileReference; lastKnownFileType = folder; path = html; sourceTree = "<group>"; };
		37F8E91227C091B4008739BB /* Info.plist */ = {isa = PBXFileReference; lastKnownFileType = text.plist; path = Info.plist; sourceTree = "<group>"; };
/* End PBXFileReference section */

/* Begin PBXFrameworksBuildPhase section */
		37EACD1E27BFD3B00016B3B3 /* Frameworks */ = {
			isa = PBXFrameworksBuildPhase;
			buildActionMask = 2147483647;
			files = (
			);
			runOnlyForDeploymentPostprocessing = 0;
		};
		37EACD2E27BFD3B10016B3B3 /* Frameworks */ = {
			isa = PBXFrameworksBuildPhase;
			buildActionMask = 2147483647;
			files = (
			);
			runOnlyForDeploymentPostprocessing = 0;
		};
		37EACD3827BFD3B10016B3B3 /* Frameworks */ = {
			isa = PBXFrameworksBuildPhase;
			buildActionMask = 2147483647;
			files = (
			);
			runOnlyForDeploymentPostprocessing = 0;
		};
/* End PBXFrameworksBuildPhase section */

/* Begin PBXGroup section */
		37EACD1827BFD3B00016B3B3 = {
			isa = PBXGroup;
			children = (
				37EACD5027BFDDCC0016B3B3 /* html */,
				37EACD2327BFD3B00016B3B3 /* appTest1 */,
				37EACD3427BFD3B10016B3B3 /* appTest1Tests */,
				37EACD3E27BFD3B10016B3B3 /* appTest1UITests */,
				37EACD2227BFD3B00016B3B3 /* Products */,
			);
			sourceTree = "<group>";
		};
		37EACD2227BFD3B00016B3B3 /* Products */ = {
			isa = PBXGroup;
			children = (
				37EACD2127BFD3B00016B3B3 /* appTest1.app */,
				37EACD3127BFD3B10016B3B3 /* appTest1Tests.xctest */,
				37EACD3B27BFD3B10016B3B3 /* appTest1UITests.xctest */,
			);
			name = Products;
			sourceTree = "<group>";
		};
		37EACD2327BFD3B00016B3B3 /* appTest1 */ = {
			isa = PBXGroup;
			children = (
				37F8E91227C091B4008739BB /* Info.plist */,
				37EACD2427BFD3B00016B3B3 /* appTest1App.swift */,
				37EACD2827BFD3B10016B3B3 /* Assets.xcassets */,
				37EACD2A27BFD3B10016B3B3 /* Preview Content */,
				37A379C527C3764000D2FADC /* SwiftUIView.swift */,
				37714EBF27C70F0D00DF64DB /* ContentView.swift */,
				37D98B5827EE1E00000D3F17 /* KeyboardMonitor.swift */,
			);
			path = appTest1;
			sourceTree = "<group>";
		};
		37EACD2A27BFD3B10016B3B3 /* Preview Content */ = {
			isa = PBXGroup;
			children = (
				37EACD2B27BFD3B10016B3B3 /* Preview Assets.xcassets */,
			);
			path = "Preview Content";
			sourceTree = "<group>";
		};
		37EACD3427BFD3B10016B3B3 /* appTest1Tests */ = {
			isa = PBXGroup;
			children = (
				37EACD3527BFD3B10016B3B3 /* appTest1Tests.swift */,
			);
			path = appTest1Tests;
			sourceTree = "<group>";
		};
		37EACD3E27BFD3B10016B3B3 /* appTest1UITests */ = {
			isa = PBXGroup;
			children = (
				37EACD3F27BFD3B10016B3B3 /* appTest1UITests.swift */,
				37EACD4127BFD3B10016B3B3 /* appTest1UITestsLaunchTests.swift */,
			);
			path = appTest1UITests;
			sourceTree = "<group>";
		};
/* End PBXGroup section */

/* Begin PBXNativeTarget section */
		37EACD2027BFD3B00016B3B3 /* appTest1 */ = {
			isa = PBXNativeTarget;
			buildConfigurationList = 37EACD4527BFD3B10016B3B3 /* Build configuration list for PBXNativeTarget "appTest1" */;
			buildPhases = (
				37EACD1D27BFD3B00016B3B3 /* Sources */,
				37EACD1E27BFD3B00016B3B3 /* Frameworks */,
				37EACD1F27BFD3B00016B3B3 /* Resources */,
			);
			buildRules = (
			);
			dependencies = (
			);
			name = appTest1;
			productName = appTest1;
			productReference = 37EACD2127BFD3B00016B3B3 /* appTest1.app */;
			productType = "com.apple.product-type.application";
		};
		37EACD3027BFD3B10016B3B3 /* appTest1Tests */ = {
			isa = PBXNativeTarget;
			buildConfigurationList = 37EACD4827BFD3B10016B3B3 /* Build configuration list for PBXNativeTarget "appTest1Tests" */;
			buildPhases = (
				37EACD2D27BFD3B10016B3B3 /* Sources */,
				37EACD2E27BFD3B10016B3B3 /* Frameworks */,
				37EACD2F27BFD3B10016B3B3 /* Resources */,
			);
			buildRules = (
			);
			dependencies = (
				37EACD3327BFD3B10016B3B3 /* PBXTargetDependency */,
			);
			name = appTest1Tests;
			productName = appTest1Tests;
			productReference = 37EACD3127BFD3B10016B3B3 /* appTest1Tests.xctest */;
			productType = "com.apple.product-type.bundle.unit-test";
		};
		37EACD3A27BFD3B10016B3B3 /* appTest1UITests */ = {
			isa = PBXNativeTarget;
			buildConfigurationList = 37EACD4B27BFD3B10016B3B3 /* Build configuration list for PBXNativeTarget "appTest1UITests" */;
			buildPhases = (
				37EACD3727BFD3B10016B3B3 /* Sources */,
				37EACD3827BFD3B10016B3B3 /* Frameworks */,
				37EACD3927BFD3B10016B3B3 /* Resources */,
			);
			buildRules = (
			);
			dependencies = (
				37EACD3D27BFD3B10016B3B3 /* PBXTargetDependency */,
			);
			name = appTest1UITests;
			productName = appTest1UITests;
			productReference = 37EACD3B27BFD3B10016B3B3 /* appTest1UITests.xctest */;
			productType = "com.apple.product-type.bundle.ui-testing";
		};
/* End PBXNativeTarget section */

/* Begin PBXProject section */
		37EACD1927BFD3B00016B3B3 /* Project object */ = {
			isa = PBXProject;
			attributes = {
				BuildIndependentTargetsInParallel = 1;
				LastSwiftUpdateCheck = 1320;
				LastUpgradeCheck = 1320;
				TargetAttributes = {
					37EACD2027BFD3B00016B3B3 = {
						CreatedOnToolsVersion = 13.2.1;
					};
					37EACD3027BFD3B10016B3B3 = {
						CreatedOnToolsVersion = 13.2.1;
						TestTargetID = 37EACD2027BFD3B00016B3B3;
					};
					37EACD3A27BFD3B10016B3B3 = {
						CreatedOnToolsVersion = 13.2.1;
						TestTargetID = 37EACD2027BFD3B00016B3B3;
					};
				};
			};
			buildConfigurationList = 37EACD1C27BFD3B00016B3B3 /* Build configuration list for PBXProject "appTest1" */;
			compatibilityVersion = "Xcode 13.0";
			developmentRegion = en;
			hasScannedForEncodings = 0;
			knownRegions = (
				en,
				Base,
			);
			mainGroup = 37EACD1827BFD3B00016B3B3;
			productRefGroup = 37EACD2227BFD3B00016B3B3 /* Products */;
			projectDirPath = "";
			projectRoot = "";
			targets = (
				37EACD2027BFD3B00016B3B3 /* appTest1 */,
				37EACD3027BFD3B10016B3B3 /* appTest1Tests */,
				37EACD3A27BFD3B10016B3B3 /* appTest1UITests */,
			);
		};
/* End PBXProject section */

/* Begin PBXResourcesBuildPhase section */
		37EACD1F27BFD3B00016B3B3 /* Resources */ = {
			isa = PBXResourcesBuildPhase;
			buildActionMask = 2147483647;
			files = (
				37EACD5127BFDDCC0016B3B3 /* html in Resources */,
				37EACD2C27BFD3B10016B3B3 /* Preview Assets.xcassets in Resources */,
				37EACD2927BFD3B10016B3B3 /* Assets.xcassets in Resources */,
			);
			runOnlyForDeploymentPostprocessing = 0;
		};
		37EACD2F27BFD3B10016B3B3 /* Resources */ = {
			isa = PBXResourcesBuildPhase;
			buildActionMask = 2147483647;
			files = (
			);
			runOnlyForDeploymentPostprocessing = 0;
		};
		37EACD3927BFD3B10016B3B3 /* Resources */ = {
			isa = PBXResourcesBuildPhase;
			buildActionMask = 2147483647;
			files = (
			);
			runOnlyForDeploymentPostprocessing = 0;
		};
/* End PBXResourcesBuildPhase section */

/* Begin PBXSourcesBuildPhase section */
		37EACD1D27BFD3B00016B3B3 /* Sources */ = {
			isa = PBXSourcesBuildPhase;
			buildActionMask = 2147483647;
			files = (
				37714EC027C70F0D00DF64DB /* ContentView.swift in Sources */,
				37D98B5927EE1E00000D3F17 /* KeyboardMonitor.swift in Sources */,
				37EACD2527BFD3B00016B3B3 /* appTest1App.swift in Sources */,
				37A379C627C3764000D2FADC /* SwiftUIView.swift in Sources */,
			);
			runOnlyForDeploymentPostprocessing = 0;
		};
		37EACD2D27BFD3B10016B3B3 /* Sources */ = {
			isa = PBXSourcesBuildPhase;
			buildActionMask = 2147483647;
			files = (
				37EACD3627BFD3B10016B3B3 /* appTest1Tests.swift in Sources */,
			);
			runOnlyForDeploymentPostprocessing = 0;
		};
		37EACD3727BFD3B10016B3B3 /* Sources */ = {
			isa = PBXSourcesBuildPhase;
			buildActionMask = 2147483647;
			files = (
				37EACD4227BFD3B10016B3B3 /* appTest1UITestsLaunchTests.swift in Sources */,
				37EACD4027BFD3B10016B3B3 /* appTest1UITests.swift in Sources */,
			);
			runOnlyForDeploymentPostprocessing = 0;
		};
/* End PBXSourcesBuildPhase section */

/* Begin PBXTargetDependency section */
		37EACD3327BFD3B10016B3B3 /* PBXTargetDependency */ = {
			isa = PBXTargetDependency;
			target = 37EACD2027BFD3B00016B3B3 /* appTest1 */;
			targetProxy = 37EACD3227BFD3B10016B3B3 /* PBXContainerItemProxy */;
		};
		37EACD3D27BFD3B10016B3B3 /* PBXTargetDependency */ = {
			isa = PBXTargetDependency;
			target = 37EACD2027BFD3B00016B3B3 /* appTest1 */;
			targetProxy = 37EACD3C27BFD3B10016B3B3 /* PBXContainerItemProxy */;
		};
/* End PBXTargetDependency section */

/* Begin XCBuildConfiguration section */
		37EACD4327BFD3B10016B3B3 /* Debug */ = {
			isa = XCBuildConfiguration;
			buildSettings = {
				ALWAYS_SEARCH_USER_PATHS = NO;
				CLANG_ANALYZER_NONNULL = YES;
				CLANG_ANALYZER_NUMBER_OBJECT_CONVERSION = YES_AGGRESSIVE;
				CLANG_CXX_LANGUAGE_STANDARD = "gnu++17";
				CLANG_CXX_LIBRARY = "libc++";
				CLANG_ENABLE_MODULES = YES;
				CLANG_ENABLE_OBJC_ARC = YES;
				CLANG_ENABLE_OBJC_WEAK = YES;
				CLANG_WARN_BLOCK_CAPTURE_AUTORELEASING = YES;
				CLANG_WARN_BOOL_CONVERSION = YES;
				CLANG_WARN_COMMA = YES;
				CLANG_WARN_CONSTANT_CONVERSION = YES;
				CLANG_WARN_DEPRECATED_OBJC_IMPLEMENTATIONS = YES;
				CLANG_WARN_DIRECT_OBJC_ISA_USAGE = YES_ERROR;
				CLANG_WARN_DOCUMENTATION_COMMENTS = YES;
				CLANG_WARN_EMPTY_BODY = YES;
				CLANG_WARN_ENUM_CONVERSION = YES;
				CLANG_WARN_INFINITE_RECURSION = YES;
				CLANG_WARN_INT_CONVERSION = YES;
				CLANG_WARN_NON_LITERAL_NULL_CONVERSION = YES;
				CLANG_WARN_OBJC_IMPLICIT_RETAIN_SELF = YES;
				CLANG_WARN_OBJC_LITERAL_CONVERSION = YES;
				CLANG_WARN_OBJC_ROOT_CLASS = YES_ERROR;
				CLANG_WARN_QUOTED_INCLUDE_IN_FRAMEWORK_HEADER = YES;
				CLANG_WARN_RANGE_LOOP_ANALYSIS = YES;
				CLANG_WARN_STRICT_PROTOTYPES = YES;
				CLANG_WARN_SUSPICIOUS_MOVE = YES;
				CLANG_WARN_UNGUARDED_AVAILABILITY = YES_AGGRESSIVE;
				CLANG_WARN_UNREACHABLE_CODE = YES;
				CLANG_WARN__DUPLICATE_METHOD_MATCH = YES;
				COPY_PHASE_STRIP = NO;
				DEBUG_INFORMATION_FORMAT = dwarf;
				ENABLE_STRICT_OBJC_MSGSEND = YES;
				ENABLE_TESTABILITY = YES;
				GCC_C_LANGUAGE_STANDARD = gnu11;
				GCC_DYNAMIC_NO_PIC = NO;
				GCC_NO_COMMON_BLOCKS = YES;
				GCC_OPTIMIZATION_LEVEL = 0;
				GCC_PREPROCESSOR_DEFINITIONS = (
					"DEBUG=1",
					"$(inherited)",
				);
				GCC_WARN_64_TO_32_BIT_CONVERSION = YES;
				GCC_WARN_ABOUT_RETURN_TYPE = YES_ERROR;
				GCC_WARN_UNDECLARED_SELECTOR = YES;
				GCC_WARN_UNINITIALIZED_AUTOS = YES_AGGRESSIVE;
				GCC_WARN_UNUSED_FUNCTION = YES;
				GCC_WARN_UNUSED_VARIABLE = YES;
				INFOPLIST_KEY_WKExtensionDelegateClassName = "";
				IPHONEOS_DEPLOYMENT_TARGET = 15.2;
				MTL_ENABLE_DEBUG_INFO = INCLUDE_SOURCE;
				MTL_FAST_MATH = YES;
				ONLY_ACTIVE_ARCH = YES;
				SDKROOT = iphoneos;
				SWIFT_ACTIVE_COMPILATION_CONDITIONS = DEBUG;
				SWIFT_OPTIMIZATION_LEVEL = "-Onone";
			};
			name = Debug;
		};
		37EACD4427BFD3B10016B3B3 /* Release */ = {
			isa = XCBuildConfiguration;
			buildSettings = {
				ALWAYS_SEARCH_USER_PATHS = NO;
				CLANG_ANALYZER_NONNULL = YES;
				CLANG_ANALYZER_NUMBER_OBJECT_CONVERSION = YES_AGGRESSIVE;
				CLANG_CXX_LANGUAGE_STANDARD = "gnu++17";
				CLANG_CXX_LIBRARY = "libc++";
				CLANG_ENABLE_MODULES = YES;
				CLANG_ENABLE_OBJC_ARC = YES;
				CLANG_ENABLE_OBJC_WEAK = YES;
				CLANG_WARN_BLOCK_CAPTURE_AUTORELEASING = YES;
				CLANG_WARN_BOOL_CONVERSION = YES;
				CLANG_WARN_COMMA = YES;
				CLANG_WARN_CONSTANT_CONVERSION = YES;
				CLANG_WARN_DEPRECATED_OBJC_IMPLEMENTATIONS = YES;
				CLANG_WARN_DIRECT_OBJC_ISA_USAGE = YES_ERROR;
				CLANG_WARN_DOCUMENTATION_COMMENTS = YES;
				CLANG_WARN_EMPTY_BODY = YES;
				CLANG_WARN_ENUM_CONVERSION = YES;
				CLANG_WARN_INFINITE_RECURSION = YES;
				CLANG_WARN_INT_CONVERSION = YES;
				CLANG_WARN_NON_LITERAL_NULL_CONVERSION = YES;
				CLANG_WARN_OBJC_IMPLICIT_RETAIN_SELF = YES;
				CLANG_WARN_OBJC_LITERAL_CONVERSION = YES;
				CLANG_WARN_OBJC_ROOT_CLASS = YES_ERROR;
				CLANG_WARN_QUOTED_INCLUDE_IN_FRAMEWORK_HEADER = YES;
				CLANG_WARN_RANGE_LOOP_ANALYSIS = YES;
				CLANG_WARN_STRICT_PROTOTYPES = YES;
				CLANG_WARN_SUSPICIOUS_MOVE = YES;
				CLANG_WARN_UNGUARDED_AVAILABILITY = YES_AGGRESSIVE;
				CLANG_WARN_UNREACHABLE_CODE = YES;
				CLANG_WARN__DUPLICATE_METHOD_MATCH = YES;
				COPY_PHASE_STRIP = NO;
				DEBUG_INFORMATION_FORMAT = "dwarf-with-dsym";
				ENABLE_NS_ASSERTIONS = NO;
				ENABLE_STRICT_OBJC_MSGSEND = YES;
				GCC_C_LANGUAGE_STANDARD = gnu11;
				GCC_NO_COMMON_BLOCKS = YES;
				GCC_WARN_64_TO_32_BIT_CONVERSION = YES;
				GCC_WARN_ABOUT_RETURN_TYPE = YES_ERROR;
				GCC_WARN_UNDECLARED_SELECTOR = YES;
				GCC_WARN_UNINITIALIZED_AUTOS = YES_AGGRESSIVE;
				GCC_WARN_UNUSED_FUNCTION = YES;
				GCC_WARN_UNUSED_VARIABLE = YES;
				INFOPLIST_KEY_WKExtensionDelegateClassName = "";
				IPHONEOS_DEPLOYMENT_TARGET = 15.2;
				MTL_ENABLE_DEBUG_INFO = NO;
				MTL_FAST_MATH = YES;
				SDKROOT = iphoneos;
				SWIFT_COMPILATION_MODE = wholemodule;
				SWIFT_OPTIMIZATION_LEVEL = "-O";
				VALIDATE_PRODUCT = YES;
			};
			name = Release;
		};
		37EACD4627BFD3B10016B3B3 /* Debug */ = {
			isa = XCBuildConfiguration;
			buildSettings = {
				ASSETCATALOG_COMPILER_APPICON_NAME = AppIcon;
				ASSETCATALOG_COMPILER_GLOBAL_ACCENT_COLOR_NAME = AccentColor;
				CODE_SIGN_STYLE = Automatic;
				CURRENT_PROJECT_VERSION = 1;
				DEVELOPMENT_ASSET_PATHS = "\"appTest1/Preview Content\"";
				DEVELOPMENT_TEAM = U8VKF43264;
				ENABLE_PREVIEWS = YES;
				GENERATE_INFOPLIST_FILE = YES;
				INFOPLIST_FILE = appTest1/Info.plist;
				INFOPLIST_KEY_UIApplicationSceneManifest_Generation = YES;
				INFOPLIST_KEY_UIApplicationSupportsIndirectInputEvents = YES;
				INFOPLIST_KEY_UILaunchScreen_Generation = YES;
				INFOPLIST_KEY_UIRequiresFullScreen = NO;
				INFOPLIST_KEY_UISupportedInterfaceOrientations_iPad = "UIInterfaceOrientationPortrait UIInterfaceOrientationPortraitUpsideDown UIInterfaceOrientationLandscapeLeft UIInterfaceOrientationLandscapeRight";
				INFOPLIST_KEY_UISupportedInterfaceOrientations_iPhone = "UIInterfaceOrientationPortrait UIInterfaceOrientationLandscapeLeft UIInterfaceOrientationLandscapeRight";
				INFOPLIST_KEY_WKExtensionDelegateClassName = "";
				LD_RUNPATH_SEARCH_PATHS = (
					"$(inherited)",
					"@executable_path/Frameworks",
				);
				MARKETING_VERSION = 1.0;
				PRODUCT_BUNDLE_IDENTIFIER = bsk.appTest1;
				PRODUCT_NAME = "$(TARGET_NAME)";
				SWIFT_EMIT_LOC_STRINGS = YES;
				SWIFT_VERSION = 5.0;
				TARGETED_DEVICE_FAMILY = "1,2";
			};
			name = Debug;
		};
		37EACD4727BFD3B10016B3B3 /* Release */ = {
			isa = XCBuildConfiguration;
			buildSettings = {
				ASSETCATALOG_COMPILER_APPICON_NAME = AppIcon;
				ASSETCATALOG_COMPILER_GLOBAL_ACCENT_COLOR_NAME = AccentColor;
				CODE_SIGN_STYLE = Automatic;
				CURRENT_PROJECT_VERSION = 1;
				DEVELOPMENT_ASSET_PATHS = "\"appTest1/Preview Content\"";
				DEVELOPMENT_TEAM = U8VKF43264;
				ENABLE_PREVIEWS = YES;
				GENERATE_INFOPLIST_FILE = YES;
				INFOPLIST_FILE = appTest1/Info.plist;
				INFOPLIST_KEY_UIApplicationSceneManifest_Generation = YES;
				INFOPLIST_KEY_UIApplicationSupportsIndirectInputEvents = YES;
				INFOPLIST_KEY_UILaunchScreen_Generation = YES;
				INFOPLIST_KEY_UIRequiresFullScreen = NO;
				INFOPLIST_KEY_UISupportedInterfaceOrientations_iPad = "UIInterfaceOrientationPortrait UIInterfaceOrientationPortraitUpsideDown UIInterfaceOrientationLandscapeLeft UIInterfaceOrientationLandscapeRight";
				INFOPLIST_KEY_UISupportedInterfaceOrientations_iPhone = "UIInterfaceOrientationPortrait UIInterfaceOrientationLandscapeLeft UIInterfaceOrientationLandscapeRight";
				INFOPLIST_KEY_WKExtensionDelegateClassName = "";
				LD_RUNPATH_SEARCH_PATHS = (
					"$(inherited)",
					"@executable_path/Frameworks",
				);
				MARKETING_VERSION = 1.0;
				PRODUCT_BUNDLE_IDENTIFIER = bsk.appTest1;
				PRODUCT_NAME = "$(TARGET_NAME)";
				SWIFT_EMIT_LOC_STRINGS = YES;
				SWIFT_VERSION = 5.0;
				TARGETED_DEVICE_FAMILY = "1,2";
			};
			name = Release;
		};
		37EACD4927BFD3B10016B3B3 /* Debug */ = {
			isa = XCBuildConfiguration;
			buildSettings = {
				ALWAYS_EMBED_SWIFT_STANDARD_LIBRARIES = YES;
				BUNDLE_LOADER = "$(TEST_HOST)";
				CODE_SIGN_STYLE = Automatic;
				CURRENT_PROJECT_VERSION = 1;
				GENERATE_INFOPLIST_FILE = YES;
				IPHONEOS_DEPLOYMENT_TARGET = 15.2;
				MARKETING_VERSION = 1.0;
				PRODUCT_BUNDLE_IDENTIFIER = bsk.appTest1Tests;
				PRODUCT_NAME = "$(TARGET_NAME)";
				SWIFT_EMIT_LOC_STRINGS = NO;
				SWIFT_VERSION = 5.0;
				TARGETED_DEVICE_FAMILY = "1,2";
				TEST_HOST = "$(BUILT_PRODUCTS_DIR)/appTest1.app/appTest1";
			};
			name = Debug;
		};
		37EACD4A27BFD3B10016B3B3 /* Release */ = {
			isa = XCBuildConfiguration;
			buildSettings = {
				ALWAYS_EMBED_SWIFT_STANDARD_LIBRARIES = YES;
				BUNDLE_LOADER = "$(TEST_HOST)";
				CODE_SIGN_STYLE = Automatic;
				CURRENT_PROJECT_VERSION = 1;
				GENERATE_INFOPLIST_FILE = YES;
				IPHONEOS_DEPLOYMENT_TARGET = 15.2;
				MARKETING_VERSION = 1.0;
				PRODUCT_BUNDLE_IDENTIFIER = bsk.appTest1Tests;
				PRODUCT_NAME = "$(TARGET_NAME)";
				SWIFT_EMIT_LOC_STRINGS = NO;
				SWIFT_VERSION = 5.0;
				TARGETED_DEVICE_FAMILY = "1,2";
				TEST_HOST = "$(BUILT_PRODUCTS_DIR)/appTest1.app/appTest1";
			};
			name = Release;
		};
		37EACD4C27BFD3B10016B3B3 /* Debug */ = {
			isa = XCBuildConfiguration;
			buildSettings = {
				ALWAYS_EMBED_SWIFT_STANDARD_LIBRARIES = YES;
				CODE_SIGN_STYLE = Automatic;
				CURRENT_PROJECT_VERSION = 1;
				GENERATE_INFOPLIST_FILE = YES;
				MARKETING_VERSION = 1.0;
				PRODUCT_BUNDLE_IDENTIFIER = bsk.appTest1UITests;
				PRODUCT_NAME = "$(TARGET_NAME)";
				SWIFT_EMIT_LOC_STRINGS = NO;
				SWIFT_VERSION = 5.0;
				TARGETED_DEVICE_FAMILY = "1,2";
				TEST_TARGET_NAME = appTest1;
			};
			name = Debug;
		};
		37EACD4D27BFD3B10016B3B3 /* Release */ = {
			isa = XCBuildConfiguration;
			buildSettings = {
				ALWAYS_EMBED_SWIFT_STANDARD_LIBRARIES = YES;
				CODE_SIGN_STYLE = Automatic;
				CURRENT_PROJECT_VERSION = 1;
				GENERATE_INFOPLIST_FILE = YES;
				MARKETING_VERSION = 1.0;
				PRODUCT_BUNDLE_IDENTIFIER = bsk.appTest1UITests;
				PRODUCT_NAME = "$(TARGET_NAME)";
				SWIFT_EMIT_LOC_STRINGS = NO;
				SWIFT_VERSION = 5.0;
				TARGETED_DEVICE_FAMILY = "1,2";
				TEST_TARGET_NAME = appTest1;
			};
			name = Release;
		};
/* End XCBuildConfiguration section */

/* Begin XCConfigurationList section */
		37EACD1C27BFD3B00016B3B3 /* Build configuration list for PBXProject "appTest1" */ = {
			isa = XCConfigurationList;
			buildConfigurations = (
				37EACD4327BFD3B10016B3B3 /* Debug */,
				37EACD4427BFD3B10016B3B3 /* Release */,
			);
			defaultConfigurationIsVisible = 0;
			defaultConfigurationName = Release;
		};
		37EACD4527BFD3B10016B3B3 /* Build configuration list for PBXNativeTarget "appTest1" */ = {
			isa = XCConfigurationList;
			buildConfigurations = (
				37EACD4627BFD3B10016B3B3 /* Debug */,
				37EACD4727BFD3B10016B3B3 /* Release */,
			);
			defaultConfigurationIsVisible = 0;
			defaultConfigurationName = Release;
		};
		37EACD4827BFD3B10016B3B3 /* Build configuration list for PBXNativeTarget "appTest1Tests" */ = {
			isa = XCConfigurationList;
			buildConfigurations = (
				37EACD4927BFD3B10016B3B3 /* Debug */,
				37EACD4A27BFD3B10016B3B3 /* Release */,
			);
			defaultConfigurationIsVisible = 0;
			defaultConfigurationName = Release;
		};
		37EACD4B27BFD3B10016B3B3 /* Build configuration list for PBXNativeTarget "appTest1UITests" */ = {
			isa = XCConfigurationList;
			buildConfigurations = (
				37EACD4C27BFD3B10016B3B3 /* Debug */,
				37EACD4D27BFD3B10016B3B3 /* Release */,
			);
			defaultConfigurationIsVisible = 0;
			defaultConfigurationName = Release;
		};
/* End XCConfigurationList section */
	};
	rootObject = 37EACD1927BFD3B00016B3B3 /* Project object */;
}
